
Microsoft Visual Studio Solution File, Format Version 12.00
# Visual Studio Version 16
VisualStudioVersion = 16.0.32602.291
MinimumVisualStudioVersion = 10.0.40219.1
Project("{FAE04EC0-301F-11D3-BF4B-00C04F79EFBC}") = "ArxLibertatisServer", "ArxLibertatisServer\ArxLibertatisServer.csproj", "{1E7A3F1C-5CC8-48C1-9ED0-E5D65075D02E}"
EndProject
Global
	GlobalSection(SolutionConfigurationPlatforms) = preSolution
		Debug|Any CPU = Debug|Any CPU
		Release|Any CPU = Release|Any CPU
	EndGlobalSection
	GlobalSection(ProjectConfigurationPlatforms) = postSolution
		{1E7A3F1C-5CC8-48C1-9ED0-E5D65075D02E}.Debug|Any CPU.ActiveCfg = Debug|Any CPU
		{1E7A3F1C-5CC8-48C1-9ED0-E5D65075D02E}.Debug|Any CPU.Build.0 = Debug|Any CPU
		{1E7A3F1C-5CC8-48C1-9ED0-E5D65075D02E}.Release|Any CPU.ActiveCfg = Release|Any CPU
		{1E7A3F1C-5CC8-48C1-9ED0-E5D65075D02E}.Release|Any CPU.Build.0 = Release|Any CPU
	EndGlobalSection
	GlobalSection(SolutionProperties) = preSolution
		HideSolutionNode = FALSE
	EndGlobalSection
	GlobalSection(ExtensibilityGlobals) = postSolution
		SolutionGuid = {C8EF1C4F-D9C8-4EA6-9033-D985561CFE5A}
	EndGlobalSection
EndGlobal
